{
  "object": {
    "pins": [
      {
        "package": "Bond",
        "repositoryURL": "https://github.com/DeclarativeHub/Bond.git",
        "state": {
          "branch": null,
          "revision": "146943c0bc03a93c48fb6c57db4e39f4b38ba74b",
          "version": "7.8.1"
        }
      },
      {
        "package": "Differ",
        "repositoryURL": "https://github.com/tonyarnold/Differ.git",
        "state": {
          "branch": null,
          "revision": "4c3eb4d76ad5c14075829397a5741b0badb08dce",
          "version": "1.4.5"
        }
      },
      {
        "package": "ReactiveKit",
        "repositoryURL": "https://github.com/DeclarativeHub/ReactiveKit.git",
        "state": {
          "branch": null,
          "revision": "5b167a3fa7288395cfcba23dac84489b01d3b2f0",
          "version": "3.18.1"
        }
      }
    ]
  },
  "version": 1
}
